
Microsoft Visual Studio Solution File, Format Version 12.00
# Visual Studio 15
VisualStudioVersion = 15.0.27703.2035
MinimumVisualStudioVersion = 10.0.40219.1
Project("{9A19103F-16F7-4668-BE54-9A1E7A4F7556}") = "Heijden.Dns.Standard", "Heijden.Dns.Standard\Heijden.Dns.Standard.csproj", "{8D9556FB-F3AB-4148-A212-5B60A56282B3}"
EndProject
Global
	GlobalSection(SolutionConfigurationPlatforms) = preSolution
		Debug|Any CPU = Debug|Any CPU
		Release|Any CPU = Release|Any CPU
	EndGlobalSection
	GlobalSection(ProjectConfigurationPlatforms) = postSolution
		{8D9556FB-F3AB-4148-A212-5B60A56282B3}.Debug|Any CPU.ActiveCfg = Debug|Any CPU
		{8D9556FB-F3AB-4148-A212-5B60A56282B3}.Debug|Any CPU.Build.0 = Debug|Any CPU
		{8D9556FB-F3AB-4148-A212-5B60A56282B3}.Release|Any CPU.ActiveCfg = Release|Any CPU
		{8D9556FB-F3AB-4148-A212-5B60A56282B3}.Release|Any CPU.Build.0 = Release|Any CPU
	EndGlobalSection
	GlobalSection(SolutionProperties) = preSolution
		HideSolutionNode = FALSE
	EndGlobalSection
	GlobalSection(ExtensibilityGlobals) = postSolution
		SolutionGuid = {59BAE87C-6E53-499E-9137-94AF40CD2F1A}
	EndGlobalSection
EndGlobal
